<?xml version="1.0" encoding="utf-8"?>
<Project ToolsVersion="4.0" xmlns="http://schemas.microsoft.com/developer/msbuild/2003">
  <ItemGroup>
    <ClCompile Include="main.cpp" />
    <ClCompile Include="systemclass.cpp" />
    <ClCompile Include="inputclass.cpp" />
    <ClCompile Include="applicationclass.cpp" />
    <ClCompile Include="d3dclass.cpp" />
    <ClCompile Include="colorshaderclass.cpp" />
  </ItemGroup>
  <ItemGroup>
    <ClInclude Include="systemclass.h" />
    <ClInclude Include="inputclass.h" />
    <ClInclude Include="applicationclass.h" />
    <ClInclude Include="d3dclass.h" />
    <ClInclude Include="colorshaderclass.h" />
  </ItemGroup>
  <ItemGroup>
    <None Include="color.ps">
      <Filter>Shaders</Filter>
    </None>
    <None Include="color.vs">
      <Filter>Shaders</Filter>
    </None>
  </ItemGroup>
  <ItemGroup>
    <Filter Include="Shaders">
      <UniqueIdentifier>{d6ae19b6-efc1-473c-aedd-ae0184743342}</UniqueIdentifier>
    </Filter>
  </ItemGroup>
</Project>